
Microsoft Visual Studio Solution File, Format Version 12.00
# Visual Studio Version 16
VisualStudioVersion = 16.0.28606.126
MinimumVisualStudioVersion = 10.0.40219.1
Project("{9A19103F-16F7-4668-BE54-9A1E7A4F7556}") = "Headstrong", "Headstrong.csproj", "{C536AF0B-43EF-4DBC-991E-6395DB6E2F4E}"
EndProject
Global
	GlobalSection(SolutionConfigurationPlatforms) = preSolution
		Debug|Any CPU = Debug|Any CPU
		Release|Any CPU = Release|Any CPU
	EndGlobalSection
	GlobalSection(ProjectConfigurationPlatforms) = postSolution
		{C536AF0B-43EF-4DBC-991E-6395DB6E2F4E}.Debug|Any CPU.ActiveCfg = Debug|Any CPU
		{C536AF0B-43EF-4DBC-991E-6395DB6E2F4E}.Debug|Any CPU.Build.0 = Debug|Any CPU
		{C536AF0B-43EF-4DBC-991E-6395DB6E2F4E}.Release|Any CPU.ActiveCfg = Release|Any CPU
		{C536AF0B-43EF-4DBC-991E-6395DB6E2F4E}.Release|Any CPU.Build.0 = Release|Any CPU
	EndGlobalSection
	GlobalSection(SolutionProperties) = preSolution
		HideSolutionNode = FALSE
	EndGlobalSection
	GlobalSection(ExtensibilityGlobals) = postSolution
		SolutionGuid = {76B5DF7E-EE39-41FF-85C1-885D797E641B}
	EndGlobalSection
EndGlobal
